
Microsoft Visual Studio Solution File, Format Version 12.00
# Visual Studio Version 16
VisualStudioVersion = 16.0.31410.357
MinimumVisualStudioVersion = 10.0.40219.1
Project("{FAE04EC0-301F-11D3-BF4B-00C04F79EFBC}") = "DBConnection", "DBConnection\DBConnection.csproj", "{621A7C64-6FE0-448C-8396-30C3D6BD5F61}"
EndProject
Project("{FAE04EC0-301F-11D3-BF4B-00C04F79EFBC}") = "ConsoleADOTester", "ConsoleADOTester\ConsoleADOTester.csproj", "{19F0F3AD-D47E-4BC5-8C45-7B9A23C1F7C2}"
EndProject
Project("{FAE04EC0-301F-11D3-BF4B-00C04F79EFBC}") = "DSConnect", "DSConnect\DSConnect.csproj", "{345106AD-235C-4459-A107-2BDA40768ABE}"
EndProject
Project("{FAE04EC0-301F-11D3-BF4B-00C04F79EFBC}") = "DatasetDesigner", "DatasetDesigner\DatasetDesigner.csproj", "{F7AC55BF-A03E-4C30-ABEE-B07BC95C2F04}"
EndProject
Project("{FAE04EC0-301F-11D3-BF4B-00C04F79EFBC}") = "DBCommand", "DBCommand\DBCommand.csproj", "{9ACB6EDF-5859-4E70-880F-CAC9E9007FCA}"
EndProject
Project("{FAE04EC0-301F-11D3-BF4B-00C04F79EFBC}") = "CreatingDataTable", "CreatingDataTable\CreatingDataTable.csproj", "{F3279568-AA67-49DB-BFEB-1238DDBDEFDD}"
EndProject
Project("{FAE04EC0-301F-11D3-BF4B-00C04F79EFBC}") = "DataAdapterWizadr", "DataAdapterWizadr\DataAdapterWizadr.csproj", "{76A9C883-69BB-4569-84A0-A215F781AADF}"
EndProject
Project("{FAE04EC0-301F-11D3-BF4B-00C04F79EFBC}") = "DataAdapterProgram", "DataAdapterProgram\DataAdapterProgram.csproj", "{909FDB2D-1E9C-4D55-8A8E-396B29A22256}"
EndProject
Project("{FAE04EC0-301F-11D3-BF4B-00C04F79EFBC}") = "WorkingDataTable", "WorkingDataTable\WorkingDataTable.csproj", "{11BF421D-F5D9-42CD-AAA1-C9EB769594FE}"
EndProject
Project("{FAE04EC0-301F-11D3-BF4B-00C04F79EFBC}") = "DataViewExample", "DataViewExample\DataViewExample.csproj", "{32484AB0-5654-4524-A09B-9EA3FDDAD2A9}"
EndProject
Project("{FAE04EC0-301F-11D3-BF4B-00C04F79EFBC}") = "DataBindingSilmple", "DataBindingSilmple\DataBindingSilmple.csproj", "{1640717C-12D8-4374-9841-D00F3488231D}"
EndProject
Project("{FAE04EC0-301F-11D3-BF4B-00C04F79EFBC}") = "DataBindingComplex", "DataBindingComplex\DataBindingComplex.csproj", "{CCC0563C-C641-44CE-BD52-42C6EC980BCE}"
EndProject
Project("{FAE04EC0-301F-11D3-BF4B-00C04F79EFBC}") = "LINQ_Student", "LINQ_Student\LINQ_Student.csproj", "{8CBC2ACE-5548-4958-859C-C6FEE4AA6E1A}"
EndProject
Project("{FAE04EC0-301F-11D3-BF4B-00C04F79EFBC}") = "CustomerManager", "CustomerManager\CustomerManager.csproj", "{3EE7B2C9-37F1-4E35-9839-A22044978F11}"
EndProject
Project("{FAE04EC0-301F-11D3-BF4B-00C04F79EFBC}") = "CodeFirst", "CodeFirst\CodeFirst.csproj", "{57DAA9AE-B31C-4CE9-B42C-F1CA5B2934C9}"
EndProject
Project("{FAE04EC0-301F-11D3-BF4B-00C04F79EFBC}") = "CourseManager", "CourseManager\CourseManager.csproj", "{5EAB38BE-5E87-48A1-B253-E45DAD6FFB01}"
EndProject
Project("{FAE04EC0-301F-11D3-BF4B-00C04F79EFBC}") = "DataSourcesWizard", "DataSourcesWizard\DataSourcesWizard.csproj", "{E6712597-EBE7-471C-A58D-6D824C3F9A0E}"
EndProject
Project("{FAE04EC0-301F-11D3-BF4B-00C04F79EFBC}") = "DataGridViewExample", "DataGridViewExample\DataGridViewExample.csproj", "{12381BA0-8E7F-4E66-BFC7-8EE903CE5EE6}"
EndProject
Global
	GlobalSection(SolutionConfigurationPlatforms) = preSolution
		Debug|Any CPU = Debug|Any CPU
		Release|Any CPU = Release|Any CPU
	EndGlobalSection
	GlobalSection(ProjectConfigurationPlatforms) = postSolution
		{621A7C64-6FE0-448C-8396-30C3D6BD5F61}.Debug|Any CPU.ActiveCfg = Debug|Any CPU
		{621A7C64-6FE0-448C-8396-30C3D6BD5F61}.Debug|Any CPU.Build.0 = Debug|Any CPU
		{621A7C64-6FE0-448C-8396-30C3D6BD5F61}.Release|Any CPU.ActiveCfg = Release|Any CPU
		{621A7C64-6FE0-448C-8396-30C3D6BD5F61}.Release|Any CPU.Build.0 = Release|Any CPU
		{19F0F3AD-D47E-4BC5-8C45-7B9A23C1F7C2}.Debug|Any CPU.ActiveCfg = Debug|Any CPU
		{19F0F3AD-D47E-4BC5-8C45-7B9A23C1F7C2}.Debug|Any CPU.Build.0 = Debug|Any CPU
		{19F0F3AD-D47E-4BC5-8C45-7B9A23C1F7C2}.Release|Any CPU.ActiveCfg = Release|Any CPU
		{19F0F3AD-D47E-4BC5-8C45-7B9A23C1F7C2}.Release|Any CPU.Build.0 = Release|Any CPU
		{345106AD-235C-4459-A107-2BDA40768ABE}.Debug|Any CPU.ActiveCfg = Debug|Any CPU
		{345106AD-235C-4459-A107-2BDA40768ABE}.Debug|Any CPU.Build.0 = Debug|Any CPU
		{345106AD-235C-4459-A107-2BDA40768ABE}.Release|Any CPU.ActiveCfg = Release|Any CPU
		{345106AD-235C-4459-A107-2BDA40768ABE}.Release|Any CPU.Build.0 = Release|Any CPU
		{F7AC55BF-A03E-4C30-ABEE-B07BC95C2F04}.Debug|Any CPU.ActiveCfg = Debug|Any CPU
		{F7AC55BF-A03E-4C30-ABEE-B07BC95C2F04}.Debug|Any CPU.Build.0 = Debug|Any CPU
		{F7AC55BF-A03E-4C30-ABEE-B07BC95C2F04}.Release|Any CPU.ActiveCfg = Release|Any CPU
		{F7AC55BF-A03E-4C30-ABEE-B07BC95C2F04}.Release|Any CPU.Build.0 = Release|Any CPU
		{9ACB6EDF-5859-4E70-880F-CAC9E9007FCA}.Debug|Any CPU.ActiveCfg = Debug|Any CPU
		{9ACB6EDF-5859-4E70-880F-CAC9E9007FCA}.Debug|Any CPU.Build.0 = Debug|Any CPU
		{9ACB6EDF-5859-4E70-880F-CAC9E9007FCA}.Release|Any CPU.ActiveCfg = Release|Any CPU
		{9ACB6EDF-5859-4E70-880F-CAC9E9007FCA}.Release|Any CPU.Build.0 = Release|Any CPU
		{F3279568-AA67-49DB-BFEB-1238DDBDEFDD}.Debug|Any CPU.ActiveCfg = Debug|Any CPU
		{F3279568-AA67-49DB-BFEB-1238DDBDEFDD}.Debug|Any CPU.Build.0 = Debug|Any CPU
		{F3279568-AA67-49DB-BFEB-1238DDBDEFDD}.Release|Any CPU.ActiveCfg = Release|Any CPU
		{F3279568-AA67-49DB-BFEB-1238DDBDEFDD}.Release|Any CPU.Build.0 = Release|Any CPU
		{76A9C883-69BB-4569-84A0-A215F781AADF}.Debug|Any CPU.ActiveCfg = Debug|Any CPU
		{76A9C883-69BB-4569-84A0-A215F781AADF}.Debug|Any CPU.Build.0 = Debug|Any CPU
		{76A9C883-69BB-4569-84A0-A215F781AADF}.Release|Any CPU.ActiveCfg = Release|Any CPU
		{76A9C883-69BB-4569-84A0-A215F781AADF}.Release|Any CPU.Build.0 = Release|Any CPU
		{909FDB2D-1E9C-4D55-8A8E-396B29A22256}.Debug|Any CPU.ActiveCfg = Debug|Any CPU
		{909FDB2D-1E9C-4D55-8A8E-396B29A22256}.Debug|Any CPU.Build.0 = Debug|Any CPU
		{909FDB2D-1E9C-4D55-8A8E-396B29A22256}.Release|Any CPU.ActiveCfg = Release|Any CPU
		{909FDB2D-1E9C-4D55-8A8E-396B29A22256}.Release|Any CPU.Build.0 = Release|Any CPU
		{11BF421D-F5D9-42CD-AAA1-C9EB769594FE}.Debug|Any CPU.ActiveCfg = Debug|Any CPU
		{11BF421D-F5D9-42CD-AAA1-C9EB769594FE}.Debug|Any CPU.Build.0 = Debug|Any CPU
		{11BF421D-F5D9-42CD-AAA1-C9EB769594FE}.Release|Any CPU.ActiveCfg = Release|Any CPU
		{11BF421D-F5D9-42CD-AAA1-C9EB769594FE}.Release|Any CPU.Build.0 = Release|Any CPU
		{32484AB0-5654-4524-A09B-9EA3FDDAD2A9}.Debug|Any CPU.ActiveCfg = Debug|Any CPU
		{32484AB0-5654-4524-A09B-9EA3FDDAD2A9}.Debug|Any CPU.Build.0 = Debug|Any CPU
		{32484AB0-5654-4524-A09B-9EA3FDDAD2A9}.Release|Any CPU.ActiveCfg = Release|Any CPU
		{32484AB0-5654-4524-A09B-9EA3FDDAD2A9}.Release|Any CPU.Build.0 = Release|Any CPU
		{1640717C-12D8-4374-9841-D00F3488231D}.Debug|Any CPU.ActiveCfg = Debug|Any CPU
		{1640717C-12D8-4374-9841-D00F3488231D}.Debug|Any CPU.Build.0 = Debug|Any CPU
		{1640717C-12D8-4374-9841-D00F3488231D}.Release|Any CPU.ActiveCfg = Release|Any CPU
		{1640717C-12D8-4374-9841-D00F3488231D}.Release|Any CPU.Build.0 = Release|Any CPU
		{CCC0563C-C641-44CE-BD52-42C6EC980BCE}.Debug|Any CPU.ActiveCfg = Debug|Any CPU
		{CCC0563C-C641-44CE-BD52-42C6EC980BCE}.Debug|Any CPU.Build.0 = Debug|Any CPU
		{CCC0563C-C641-44CE-BD52-42C6EC980BCE}.Release|Any CPU.ActiveCfg = Release|Any CPU
		{CCC0563C-C641-44CE-BD52-42C6EC980BCE}.Release|Any CPU.Build.0 = Release|Any CPU
		{8CBC2ACE-5548-4958-859C-C6FEE4AA6E1A}.Debug|Any CPU.ActiveCfg = Debug|Any CPU
		{8CBC2ACE-5548-4958-859C-C6FEE4AA6E1A}.Debug|Any CPU.Build.0 = Debug|Any CPU
		{8CBC2ACE-5548-4958-859C-C6FEE4AA6E1A}.Release|Any CPU.ActiveCfg = Release|Any CPU
		{8CBC2ACE-5548-4958-859C-C6FEE4AA6E1A}.Release|Any CPU.Build.0 = Release|Any CPU
		{3EE7B2C9-37F1-4E35-9839-A22044978F11}.Debug|Any CPU.ActiveCfg = Debug|Any CPU
		{3EE7B2C9-37F1-4E35-9839-A22044978F11}.Debug|Any CPU.Build.0 = Debug|Any CPU
		{3EE7B2C9-37F1-4E35-9839-A22044978F11}.Release|Any CPU.ActiveCfg = Release|Any CPU
		{3EE7B2C9-37F1-4E35-9839-A22044978F11}.Release|Any CPU.Build.0 = Release|Any CPU
		{57DAA9AE-B31C-4CE9-B42C-F1CA5B2934C9}.Debug|Any CPU.ActiveCfg = Debug|Any CPU
		{57DAA9AE-B31C-4CE9-B42C-F1CA5B2934C9}.Debug|Any CPU.Build.0 = Debug|Any CPU
		{57DAA9AE-B31C-4CE9-B42C-F1CA5B2934C9}.Release|Any CPU.ActiveCfg = Release|Any CPU
		{57DAA9AE-B31C-4CE9-B42C-F1CA5B2934C9}.Release|Any CPU.Build.0 = Release|Any CPU
		{5EAB38BE-5E87-48A1-B253-E45DAD6FFB01}.Debug|Any CPU.ActiveCfg = Debug|Any CPU
		{5EAB38BE-5E87-48A1-B253-E45DAD6FFB01}.Debug|Any CPU.Build.0 = Debug|Any CPU
		{5EAB38BE-5E87-48A1-B253-E45DAD6FFB01}.Release|Any CPU.ActiveCfg = Release|Any CPU
		{5EAB38BE-5E87-48A1-B253-E45DAD6FFB01}.Release|Any CPU.Build.0 = Release|Any CPU
		{E6712597-EBE7-471C-A58D-6D824C3F9A0E}.Debug|Any CPU.ActiveCfg = Debug|Any CPU
		{E6712597-EBE7-471C-A58D-6D824C3F9A0E}.Debug|Any CPU.Build.0 = Debug|Any CPU
		{E6712597-EBE7-471C-A58D-6D824C3F9A0E}.Release|Any CPU.ActiveCfg = Release|Any CPU
		{E6712597-EBE7-471C-A58D-6D824C3F9A0E}.Release|Any CPU.Build.0 = Release|Any CPU
		{12381BA0-8E7F-4E66-BFC7-8EE903CE5EE6}.Debug|Any CPU.ActiveCfg = Debug|Any CPU
		{12381BA0-8E7F-4E66-BFC7-8EE903CE5EE6}.Debug|Any CPU.Build.0 = Debug|Any CPU
		{12381BA0-8E7F-4E66-BFC7-8EE903CE5EE6}.Release|Any CPU.ActiveCfg = Release|Any CPU
		{12381BA0-8E7F-4E66-BFC7-8EE903CE5EE6}.Release|Any CPU.Build.0 = Release|Any CPU
	EndGlobalSection
	GlobalSection(SolutionProperties) = preSolution
		HideSolutionNode = FALSE
	EndGlobalSection
	GlobalSection(ExtensibilityGlobals) = postSolution
		SolutionGuid = {F1720BAC-5384-4430-8046-A43536B4DE3B}
	EndGlobalSection
EndGlobal
